
Microsoft Visual Studio Solution File, Format Version 12.00
# Visual Studio 15
VisualStudioVersion = 15.0.28010.2048
MinimumVisualStudioVersion = 10.0.40219.1
Project("{FAE04EC0-301F-11D3-BF4B-00C04F79EFBC}") = "KFoxBot", "KFoxBot\KFoxBot.csproj", "{28C14ADB-3F5E-48F8-9628-EB409C6DC477}"
EndProject
Global
	GlobalSection(SolutionConfigurationPlatforms) = preSolution
		Debug|Any CPU = Debug|Any CPU
		Release|Any CPU = Release|Any CPU
	EndGlobalSection
	GlobalSection(ProjectConfigurationPlatforms) = postSolution
		{28C14ADB-3F5E-48F8-9628-EB409C6DC477}.Debug|Any CPU.ActiveCfg = Debug|Any CPU
		{28C14ADB-3F5E-48F8-9628-EB409C6DC477}.Debug|Any CPU.Build.0 = Debug|Any CPU
		{28C14ADB-3F5E-48F8-9628-EB409C6DC477}.Release|Any CPU.ActiveCfg = Release|Any CPU
		{28C14ADB-3F5E-48F8-9628-EB409C6DC477}.Release|Any CPU.Build.0 = Release|Any CPU
	EndGlobalSection
	GlobalSection(SolutionProperties) = preSolution
		HideSolutionNode = FALSE
	EndGlobalSection
	GlobalSection(ExtensibilityGlobals) = postSolution
		SolutionGuid = {66EA1796-E0A8-490A-B51D-81960D7F2EAF}
	EndGlobalSection
EndGlobal
